
Microsoft Visual Studio Solution File, Format Version 12.00
# Visual Studio 15
VisualStudioVersion = 15.0.28307.136
MinimumVisualStudioVersion = 10.0.40219.1
Project("{FAE04EC0-301F-11D3-BF4B-00C04F79EFBC}") = "OthelloPB", "OthelloPB\OthelloPB.csproj", "{31E71374-AF44-47CD-A1A4-03E059237E23}"
EndProject
Global
	GlobalSection(SolutionConfigurationPlatforms) = preSolution
		Debug|Any CPU = Debug|Any CPU
		Release|Any CPU = Release|Any CPU
	EndGlobalSection
	GlobalSection(ProjectConfigurationPlatforms) = postSolution
		{31E71374-AF44-47CD-A1A4-03E059237E23}.Debug|Any CPU.ActiveCfg = Debug|Any CPU
		{31E71374-AF44-47CD-A1A4-03E059237E23}.Debug|Any CPU.Build.0 = Debug|Any CPU
		{31E71374-AF44-47CD-A1A4-03E059237E23}.Release|Any CPU.ActiveCfg = Release|Any CPU
		{31E71374-AF44-47CD-A1A4-03E059237E23}.Release|Any CPU.Build.0 = Release|Any CPU
	EndGlobalSection
	GlobalSection(SolutionProperties) = preSolution
		HideSolutionNode = FALSE
	EndGlobalSection
	GlobalSection(ExtensibilityGlobals) = postSolution
		SolutionGuid = {21B8793A-FABA-469D-ADAF-432239659F50}
	EndGlobalSection
EndGlobal
